
Microsoft Visual Studio Solution File, Format Version 12.00
# Visual Studio 15
VisualStudioVersion = 15.0.28010.2036
MinimumVisualStudioVersion = 10.0.40219.1
Project("{9A19103F-16F7-4668-BE54-9A1E7A4F7556}") = "GameLibrary.Domain", "src\GameLibrary.Domain\GameLibrary.Domain.csproj", "{07CA70B8-22CE-48EB-BF61-7AB524DA6D18}"
EndProject
Project("{9A19103F-16F7-4668-BE54-9A1E7A4F7556}") = "GameLibrary.Domain.Core", "src\GameLibrary.Domain.Core\GameLibrary.Domain.Core.csproj", "{928F7345-14C6-4F23-B1C8-E78454045EFD}"
EndProject
Project("{9A19103F-16F7-4668-BE54-9A1E7A4F7556}") = "GameLibrary.Tests", "tests\GameLibrary.Tests\GameLibrary.Tests.csproj", "{CEED900B-238D-4DC2-A6C7-58D141C75C3A}"
EndProject
Project("{9A19103F-16F7-4668-BE54-9A1E7A4F7556}") = "GameLibrary.Data", "src\GameLibrary.Data\GameLibrary.Data.csproj", "{9B9E1629-0098-4BBE-803F-17069ACAFB6C}"
EndProject
Project("{9A19103F-16F7-4668-BE54-9A1E7A4F7556}") = "GameLibrary.Api", "src\GameLibrary.Api\GameLibrary.Api.csproj", "{91C0E4DF-0E69-4933-B6F9-B044551FAC1C}"
EndProject
Project("{9A19103F-16F7-4668-BE54-9A1E7A4F7556}") = "GameLibrary.IoC", "src\GameLibrary.IoC\GameLibrary.IoC.csproj", "{5884D43B-78B7-4C5C-BD48-11CA3E1F57E4}"
EndProject
Project("{2150E333-8FDC-42A3-9474-1A3956D46DE8}") = "1 - Services", "1 - Services", "{C25BE965-A410-4738-A9A1-9145D2B15BB2}"
EndProject
Project("{2150E333-8FDC-42A3-9474-1A3956D46DE8}") = "2 - Domain", "2 - Domain", "{C735C6E8-9E6A-47E6-B3A5-F9F2AD6AAD07}"
EndProject
Project("{2150E333-8FDC-42A3-9474-1A3956D46DE8}") = "3 -Data", "3 -Data", "{738F761A-AC47-41CE-988E-37EEA8EDDFF3}"
EndProject
Project("{2150E333-8FDC-42A3-9474-1A3956D46DE8}") = "4 - CrossCutting", "4 - CrossCutting", "{B885AB46-02CB-4260-BBAE-05D8D393F40C}"
EndProject
Project("{2150E333-8FDC-42A3-9474-1A3956D46DE8}") = "5 - Test", "5 - Test", "{4DE9A2BD-1193-487C-B03C-3CAD95F5F967}"
EndProject
Project("{FAE04EC0-301F-11D3-BF4B-00C04F79EFBC}") = "GameLibrary.AutomatedTests", "tests\GameLibrary.AutomatedTests\GameLibrary.AutomatedTests.csproj", "{6CF27132-F3A0-4145-9500-F19D25103360}"
EndProject
Global
	GlobalSection(SolutionConfigurationPlatforms) = preSolution
		Debug|Any CPU = Debug|Any CPU
		Release|Any CPU = Release|Any CPU
	EndGlobalSection
	GlobalSection(ProjectConfigurationPlatforms) = postSolution
		{07CA70B8-22CE-48EB-BF61-7AB524DA6D18}.Debug|Any CPU.ActiveCfg = Debug|Any CPU
		{07CA70B8-22CE-48EB-BF61-7AB524DA6D18}.Debug|Any CPU.Build.0 = Debug|Any CPU
		{07CA70B8-22CE-48EB-BF61-7AB524DA6D18}.Release|Any CPU.ActiveCfg = Release|Any CPU
		{07CA70B8-22CE-48EB-BF61-7AB524DA6D18}.Release|Any CPU.Build.0 = Release|Any CPU
		{928F7345-14C6-4F23-B1C8-E78454045EFD}.Debug|Any CPU.ActiveCfg = Debug|Any CPU
		{928F7345-14C6-4F23-B1C8-E78454045EFD}.Debug|Any CPU.Build.0 = Debug|Any CPU
		{928F7345-14C6-4F23-B1C8-E78454045EFD}.Release|Any CPU.ActiveCfg = Release|Any CPU
		{928F7345-14C6-4F23-B1C8-E78454045EFD}.Release|Any CPU.Build.0 = Release|Any CPU
		{CEED900B-238D-4DC2-A6C7-58D141C75C3A}.Debug|Any CPU.ActiveCfg = Debug|Any CPU
		{CEED900B-238D-4DC2-A6C7-58D141C75C3A}.Debug|Any CPU.Build.0 = Debug|Any CPU
		{CEED900B-238D-4DC2-A6C7-58D141C75C3A}.Release|Any CPU.ActiveCfg = Release|Any CPU
		{CEED900B-238D-4DC2-A6C7-58D141C75C3A}.Release|Any CPU.Build.0 = Release|Any CPU
		{9B9E1629-0098-4BBE-803F-17069ACAFB6C}.Debug|Any CPU.ActiveCfg = Debug|Any CPU
		{9B9E1629-0098-4BBE-803F-17069ACAFB6C}.Debug|Any CPU.Build.0 = Debug|Any CPU
		{9B9E1629-0098-4BBE-803F-17069ACAFB6C}.Release|Any CPU.ActiveCfg = Release|Any CPU
		{9B9E1629-0098-4BBE-803F-17069ACAFB6C}.Release|Any CPU.Build.0 = Release|Any CPU
		{91C0E4DF-0E69-4933-B6F9-B044551FAC1C}.Debug|Any CPU.ActiveCfg = Debug|Any CPU
		{91C0E4DF-0E69-4933-B6F9-B044551FAC1C}.Debug|Any CPU.Build.0 = Debug|Any CPU
		{91C0E4DF-0E69-4933-B6F9-B044551FAC1C}.Release|Any CPU.ActiveCfg = Release|Any CPU
		{91C0E4DF-0E69-4933-B6F9-B044551FAC1C}.Release|Any CPU.Build.0 = Release|Any CPU
		{5884D43B-78B7-4C5C-BD48-11CA3E1F57E4}.Debug|Any CPU.ActiveCfg = Debug|Any CPU
		{5884D43B-78B7-4C5C-BD48-11CA3E1F57E4}.Debug|Any CPU.Build.0 = Debug|Any CPU
		{5884D43B-78B7-4C5C-BD48-11CA3E1F57E4}.Release|Any CPU.ActiveCfg = Release|Any CPU
		{5884D43B-78B7-4C5C-BD48-11CA3E1F57E4}.Release|Any CPU.Build.0 = Release|Any CPU
		{6CF27132-F3A0-4145-9500-F19D25103360}.Debug|Any CPU.ActiveCfg = Debug|Any CPU
		{6CF27132-F3A0-4145-9500-F19D25103360}.Debug|Any CPU.Build.0 = Debug|Any CPU
		{6CF27132-F3A0-4145-9500-F19D25103360}.Release|Any CPU.ActiveCfg = Release|Any CPU
		{6CF27132-F3A0-4145-9500-F19D25103360}.Release|Any CPU.Build.0 = Release|Any CPU
	EndGlobalSection
	GlobalSection(SolutionProperties) = preSolution
		HideSolutionNode = FALSE
	EndGlobalSection
	GlobalSection(NestedProjects) = preSolution
		{07CA70B8-22CE-48EB-BF61-7AB524DA6D18} = {C735C6E8-9E6A-47E6-B3A5-F9F2AD6AAD07}
		{928F7345-14C6-4F23-B1C8-E78454045EFD} = {C735C6E8-9E6A-47E6-B3A5-F9F2AD6AAD07}
		{CEED900B-238D-4DC2-A6C7-58D141C75C3A} = {4DE9A2BD-1193-487C-B03C-3CAD95F5F967}
		{9B9E1629-0098-4BBE-803F-17069ACAFB6C} = {738F761A-AC47-41CE-988E-37EEA8EDDFF3}
		{91C0E4DF-0E69-4933-B6F9-B044551FAC1C} = {C25BE965-A410-4738-A9A1-9145D2B15BB2}
		{5884D43B-78B7-4C5C-BD48-11CA3E1F57E4} = {B885AB46-02CB-4260-BBAE-05D8D393F40C}
		{6CF27132-F3A0-4145-9500-F19D25103360} = {4DE9A2BD-1193-487C-B03C-3CAD95F5F967}
	EndGlobalSection
	GlobalSection(ExtensibilityGlobals) = postSolution
		SolutionGuid = {5412C386-A904-4A22-AE02-B8405DEBAE45}
	EndGlobalSection
EndGlobal
